
Microsoft Visual Studio Solution File, Format Version 12.00
# Visual Studio Version 16
VisualStudioVersion = 16.0.31313.79
MinimumVisualStudioVersion = 10.0.40219.1
Project("{FAE04EC0-301F-11D3-BF4B-00C04F79EFBC}") = "stayHealthy.Api", "stayHealthy.Api\stayHealthy.Api.csproj", "{FE88BB0F-E513-483E-85FB-0187CB0A0821}"
EndProject
Project("{FAE04EC0-301F-11D3-BF4B-00C04F79EFBC}") = "stayHealthy.DataAccess", "stayHealthy.DataAccess\stayHealthy.DataAccess.csproj", "{B80869EC-B6D3-4886-A303-CDC36B3DBB75}"
EndProject
Project("{FAE04EC0-301F-11D3-BF4B-00C04F79EFBC}") = "stayHealthy.Services", "stayHealthy.Services\stayHealthy.Services.csproj", "{0CE36392-56D8-444B-AE37-FFF5695C53AD}"
EndProject
Global
	GlobalSection(SolutionConfigurationPlatforms) = preSolution
		Debug|Any CPU = Debug|Any CPU
		Release|Any CPU = Release|Any CPU
	EndGlobalSection
	GlobalSection(ProjectConfigurationPlatforms) = postSolution
		{FE88BB0F-E513-483E-85FB-0187CB0A0821}.Debug|Any CPU.ActiveCfg = Debug|Any CPU
		{FE88BB0F-E513-483E-85FB-0187CB0A0821}.Debug|Any CPU.Build.0 = Debug|Any CPU
		{FE88BB0F-E513-483E-85FB-0187CB0A0821}.Release|Any CPU.ActiveCfg = Release|Any CPU
		{FE88BB0F-E513-483E-85FB-0187CB0A0821}.Release|Any CPU.Build.0 = Release|Any CPU
		{B80869EC-B6D3-4886-A303-CDC36B3DBB75}.Debug|Any CPU.ActiveCfg = Debug|Any CPU
		{B80869EC-B6D3-4886-A303-CDC36B3DBB75}.Debug|Any CPU.Build.0 = Debug|Any CPU
		{B80869EC-B6D3-4886-A303-CDC36B3DBB75}.Release|Any CPU.ActiveCfg = Release|Any CPU
		{B80869EC-B6D3-4886-A303-CDC36B3DBB75}.Release|Any CPU.Build.0 = Release|Any CPU
		{0CE36392-56D8-444B-AE37-FFF5695C53AD}.Debug|Any CPU.ActiveCfg = Debug|Any CPU
		{0CE36392-56D8-444B-AE37-FFF5695C53AD}.Debug|Any CPU.Build.0 = Debug|Any CPU
		{0CE36392-56D8-444B-AE37-FFF5695C53AD}.Release|Any CPU.ActiveCfg = Release|Any CPU
		{0CE36392-56D8-444B-AE37-FFF5695C53AD}.Release|Any CPU.Build.0 = Release|Any CPU
	EndGlobalSection
	GlobalSection(SolutionProperties) = preSolution
		HideSolutionNode = FALSE
	EndGlobalSection
	GlobalSection(ExtensibilityGlobals) = postSolution
		SolutionGuid = {4B86FBD1-5861-4E1C-8A81-4A2D72029236}
	EndGlobalSection
EndGlobal
